// !$*UTF8*$!
{
	archiveVersion = 1;
	classes = {
	};
	objectVersion = 48;
	objects = {

/* Begin PBXBuildFile section */
		032FE62220AE146B003F27E0 /* AppDelegate.swift in Sources */ = {isa = PBXBuildFile; fileRef = 032FE62120AE146B003F27E0 /* AppDelegate.swift */; };
		032FE62420AE146B003F27E0 /* ViewController.swift in Sources */ = {isa = PBXBuildFile; fileRef = 032FE62320AE146B003F27E0 /* ViewController.swift */; };
		032FE62620AE146B003F27E0 /* Assets.xcassets in Resources */ = {isa = PBXBuildFile; fileRef = 032FE62520AE146B003F27E0 /* Assets.xcassets */; };
		032FE62920AE146B003F27E0 /* Main.storyboard in Resources */ = {isa = PBXBuildFile; fileRef = 032FE62720AE146B003F27E0 /* Main.storyboard */; };
		03776538215DD01F008BA991 /* MCData.swift in Sources */ = {isa = PBXBuildFile; fileRef = 03776537215DD01F008BA991 /* MCData.swift */; };
/* End PBXBuildFile section */

/* Begin PBXFileReference section */
		032FE61E20AE146B003F27E0 /* MouseControllerOSX.app */ = {isa = PBXFileReference; explicitFileType = wrapper.application; includeInIndex = 0; path = MouseControllerOSX.app; sourceTree = BUILT_PRODUCTS_DIR; };
		032FE62120AE146B003F27E0 /* AppDelegate.swift */ = {isa = PBXFileReference; lastKnownFileType = sourcecode.swift; path = AppDelegate.swift; sourceTree = "<group>"; };
		032FE62320AE146B003F27E0 /* ViewController.swift */ = {isa = PBXFileReference; lastKnownFileType = sourcecode.swift; path = ViewController.swift; sourceTree = "<group>"; };
		032FE62520AE146B003F27E0 /* Assets.xcassets */ = {isa = PBXFileReference; lastKnownFileType = folder.assetcatalog; path = Assets.xcassets; sourceTree = "<group>"; };
		032FE62820AE146B003F27E0 /* Base */ = {isa = PBXFileReference; lastKnownFileType = file.storyboard; name = Base; path = Base.lproj/Main.storyboard; sourceTree = "<group>"; };
		032FE62A20AE146B003F27E0 /* Info.plist */ = {isa = PBXFileReference; lastKnownFileType = text.plist.xml; path = Info.plist; sourceTree = "<group>"; };
		032FE62B20AE146B003F27E0 /* MouseControllerOSX.entitlements */ = {isa = PBXFileReference; lastKnownFileType = text.plist.entitlements; path = MouseControllerOSX.entitlements; sourceTree = "<group>"; };
		03776537215DD01F008BA991 /* MCData.swift */ = {isa = PBXFileReference; lastKnownFileType = sourcecode.swift; path = MCData.swift; sourceTree = "<group>"; };
/* End PBXFileReference section */

/* Begin PBXFrameworksBuildPhase section */
		032FE61B20AE146B003F27E0 /* Frameworks */ = {
			isa = PBXFrameworksBuildPhase;
			buildActionMask = 2147483647;
			files = (
			);
			runOnlyForDeploymentPostprocessing = 0;
		};
/* End PBXFrameworksBuildPhase section */

/* Begin PBXGroup section */
		032FE61520AE146B003F27E0 = {
			isa = PBXGroup;
			children = (
				032FE62020AE146B003F27E0 /* MouseControllerOSX */,
				032FE61F20AE146B003F27E0 /* Products */,
			);
			sourceTree = "<group>";
		};
		032FE61F20AE146B003F27E0 /* Products */ = {
			isa = PBXGroup;
			children = (
				032FE61E20AE146B003F27E0 /* MouseControllerOSX.app */,
			);
			name = Products;
			sourceTree = "<group>";
		};
		032FE62020AE146B003F27E0 /* MouseControllerOSX */ = {
			isa = PBXGroup;
			children = (
				032FE62120AE146B003F27E0 /* AppDelegate.swift */,
				03776537215DD01F008BA991 /* MCData.swift */,
				032FE62320AE146B003F27E0 /* ViewController.swift */,
				032FE62720AE146B003F27E0 /* Main.storyboard */,
				032FE62520AE146B003F27E0 /* Assets.xcassets */,
				032FE62A20AE146B003F27E0 /* Info.plist */,
				032FE62B20AE146B003F27E0 /* MouseControllerOSX.entitlements */,
			);
			path = MouseControllerOSX;
			sourceTree = "<group>";
		};
/* End PBXGroup section */

/* Begin PBXNativeTarget section */
		032FE61D20AE146B003F27E0 /* MouseControllerOSX */ = {
			isa = PBXNativeTarget;
			buildConfigurationList = 032FE62E20AE146B003F27E0 /* Build configuration list for PBXNativeTarget "MouseControllerOSX" */;
			buildPhases = (
				032FE61A20AE146B003F27E0 /* Sources */,
				032FE61B20AE146B003F27E0 /* Frameworks */,
				032FE61C20AE146B003F27E0 /* Resources */,
			);
			buildRules = (
			);
			dependencies = (
			);
			name = MouseControllerOSX;
			productName = MouseControllerOSX;
			productReference = 032FE61E20AE146B003F27E0 /* MouseControllerOSX.app */;
			productType = "com.apple.product-type.application";
		};
/* End PBXNativeTarget section */

/* Begin PBXProject section */
		032FE61620AE146B003F27E0 /* Project object */ = {
			isa = PBXProject;
			attributes = {
				LastSwiftUpdateCheck = 0920;
				LastUpgradeCheck = 0920;
				ORGANIZATIONNAME = "Guyu Li";
				TargetAttributes = {
					032FE61D20AE146B003F27E0 = {
						CreatedOnToolsVersion = 9.2;
						ProvisioningStyle = Automatic;
					};
				};
			};
			buildConfigurationList = 032FE61920AE146B003F27E0 /* Build configuration list for PBXProject "MouseControllerOSX" */;
			compatibilityVersion = "Xcode 8.0";
			developmentRegion = en;
			hasScannedForEncodings = 0;
			knownRegions = (
				en,
				Base,
			);
			mainGroup = 032FE61520AE146B003F27E0;
			productRefGroup = 032FE61F20AE146B003F27E0 /* Products */;
			projectDirPath = "";
			projectRoot = "";
			targets = (
				032FE61D20AE146B003F27E0 /* MouseControllerOSX */,
			);
		};
/* End PBXProject section */

/* Begin PBXResourcesBuildPhase section */
		032FE61C20AE146B003F27E0 /* Resources */ = {
			isa = PBXResourcesBuildPhase;
			buildActionMask = 2147483647;
			files = (
				032FE62620AE146B003F27E0 /* Assets.xcassets in Resources */,
				032FE62920AE146B003F27E0 /* Main.storyboard in Resources */,
			);
			runOnlyForDeploymentPostprocessing = 0;
		};
/* End PBXResourcesBuildPhase section */

/* Begin PBXSourcesBuildPhase section */
		032FE61A20AE146B003F27E0 /* Sources */ = {
			isa = PBXSourcesBuildPhase;
			buildActionMask = 2147483647;
			files = (
				032FE62420AE146B003F27E0 /* ViewController.swift in Sources */,
				03776538215DD01F008BA991 /* MCData.swift in Sources */,
				032FE62220AE146B003F27E0 /* AppDelegate.swift in Sources */,
			);
			runOnlyForDeploymentPostprocessing = 0;
		};
/* End PBXSourcesBuildPhase section */

/* Begin PBXVariantGroup section */
		032FE62720AE146B003F27E0 /* Main.storyboard */ = {
			isa = PBXVariantGroup;
			children = (
				032FE62820AE146B003F27E0 /* Base */,
			);
			name = Main.storyboard;
			sourceTree = "<group>";
		};
/* End PBXVariantGroup section */

/* Begin XCBuildConfiguration section */
		032FE62C20AE146B003F27E0 /* Debug */ = {
			isa = XCBuildConfiguration;
			buildSettings = {
				ALWAYS_SEARCH_USER_PATHS = NO;
				CLANG_ANALYZER_NONNULL = YES;
				CLANG_ANALYZER_NUMBER_OBJECT_CONVERSION = YES_AGGRESSIVE;
				CLANG_CXX_LANGUAGE_STANDARD = "gnu++14";
				CLANG_CXX_LIBRARY = "libc++";
				CLANG_ENABLE_MODULES = YES;
				CLANG_ENABLE_OBJC_ARC = YES;
				CLANG_WARN_BLOCK_CAPTURE_AUTORELEASING = YES;
				CLANG_WARN_BOOL_CONVERSION = YES;
				CLANG_WARN_COMMA = YES;
				CLANG_WARN_CONSTANT_CONVERSION = YES;
				CLANG_WARN_DIRECT_OBJC_ISA_USAGE = YES_ERROR;
				CLANG_WARN_DOCUMENTATION_COMMENTS = YES;
				CLANG_WARN_EMPTY_BODY = YES;
				CLANG_WARN_ENUM_CONVERSION = YES;
				CLANG_WARN_INFINITE_RECURSION = YES;
				CLANG_WARN_INT_CONVERSION = YES;
				CLANG_WARN_NON_LITERAL_NULL_CONVERSION = YES;
				CLANG_WARN_OBJC_LITERAL_CONVERSION = YES;
				CLANG_WARN_OBJC_ROOT_CLASS = YES_ERROR;
				CLANG_WARN_RANGE_LOOP_ANALYSIS = YES;
				CLANG_WARN_STRICT_PROTOTYPES = YES;
				CLANG_WARN_SUSPICIOUS_MOVE = YES;
				CLANG_WARN_UNGUARDED_AVAILABILITY = YES_AGGRESSIVE;
				CLANG_WARN_UNREACHABLE_CODE = YES;
				CLANG_WARN__DUPLICATE_METHOD_MATCH = YES;
				CODE_SIGN_IDENTITY = "Mac Developer";
				COPY_PHASE_STRIP = NO;
				DEBUG_INFORMATION_FORMAT = dwarf;
				ENABLE_STRICT_OBJC_MSGSEND = YES;
				ENABLE_TESTABILITY = YES;
				GCC_C_LANGUAGE_STANDARD = gnu11;
				GCC_DYNAMIC_NO_PIC = NO;
				GCC_NO_COMMON_BLOCKS = YES;
				GCC_OPTIMIZATION_LEVEL = 0;
				GCC_PREPROCESSOR_DEFINITIONS = (
					"DEBUG=1",
					"$(inherited)",
				);
				GCC_WARN_64_TO_32_BIT_CONVERSION = YES;
				GCC_WARN_ABOUT_RETURN_TYPE = YES_ERROR;
				GCC_WARN_UNDECLARED_SELECTOR = YES;
				GCC_WARN_UNINITIALIZED_AUTOS = YES_AGGRESSIVE;
				GCC_WARN_UNUSED_FUNCTION = YES;
				GCC_WARN_UNUSED_VARIABLE = YES;
				MACOSX_DEPLOYMENT_TARGET = 10.12;
				MTL_ENABLE_DEBUG_INFO = YES;
				ONLY_ACTIVE_ARCH = YES;
				SDKROOT = macosx;
				SWIFT_ACTIVE_COMPILATION_CONDITIONS = DEBUG;
				SWIFT_OPTIMIZATION_LEVEL = "-Onone";
			};
			name = Debug;
		};
		032FE62D20AE146B003F27E0 /* Release */ = {
			isa = XCBuildConfiguration;
			buildSettings = {
				ALWAYS_SEARCH_USER_PATHS = NO;
				CLANG_ANALYZER_NONNULL = YES;
				CLANG_ANALYZER_NUMBER_OBJECT_CONVERSION = YES_AGGRESSIVE;
				CLANG_CXX_LANGUAGE_STANDARD = "gnu++14";
				CLANG_CXX_LIBRARY = "libc++";
				CLANG_ENABLE_MODULES = YES;
				CLANG_ENABLE_OBJC_ARC = YES;
				CLANG_WARN_BLOCK_CAPTURE_AUTORELEASING = YES;
				CLANG_WARN_BOOL_CONVERSION = YES;
				CLANG_WARN_COMMA = YES;
				CLANG_WARN_CONSTANT_CONVERSION = YES;
				CLANG_WARN_DIRECT_OBJC_ISA_USAGE = YES_ERROR;
				CLANG_WARN_DOCUMENTATION_COMMENTS = YES;
				CLANG_WARN_EMPTY_BODY = YES;
				CLANG_WARN_ENUM_CONVERSION = YES;
				CLANG_WARN_INFINITE_RECURSION = YES;
				CLANG_WARN_INT_CONVERSION = YES;
				CLANG_WARN_NON_LITERAL_NULL_CONVERSION = YES;
				CLANG_WARN_OBJC_LITERAL_CONVERSION = YES;
				CLANG_WARN_OBJC_ROOT_CLASS = YES_ERROR;
				CLANG_WARN_RANGE_LOOP_ANALYSIS = YES;
				CLANG_WARN_STRICT_PROTOTYPES = YES;
				CLANG_WARN_SUSPICIOUS_MOVE = YES;
				CLANG_WARN_UNGUARDED_AVAILABILITY = YES_AGGRESSIVE;
				CLANG_WARN_UNREACHABLE_CODE = YES;
				CLANG_WARN__DUPLICATE_METHOD_MATCH = YES;
				CODE_SIGN_IDENTITY = "Mac Developer";
				COPY_PHASE_STRIP = NO;
				DEBUG_INFORMATION_FORMAT = "dwarf-with-dsym";
				ENABLE_NS_ASSERTIONS = NO;
				ENABLE_STRICT_OBJC_MSGSEND = YES;
				GCC_C_LANGUAGE_STANDARD = gnu11;
				GCC_NO_COMMON_BLOCKS = YES;
				GCC_WARN_64_TO_32_BIT_CONVERSION = YES;
				GCC_WARN_ABOUT_RETURN_TYPE = YES_ERROR;
				GCC_WARN_UNDECLARED_SELECTOR = YES;
				GCC_WARN_UNINITIALIZED_AUTOS = YES_AGGRESSIVE;
				GCC_WARN_UNUSED_FUNCTION = YES;
				GCC_WARN_UNUSED_VARIABLE = YES;
				MACOSX_DEPLOYMENT_TARGET = 10.12;
				MTL_ENABLE_DEBUG_INFO = NO;
				SDKROOT = macosx;
				SWIFT_OPTIMIZATION_LEVEL = "-Owholemodule";
			};
			name = Release;
		};
		032FE62F20AE146B003F27E0 /* Debug */ = {
			isa = XCBuildConfiguration;
			buildSettings = {
				ASSETCATALOG_COMPILER_APPICON_NAME = AppIcon;
				CODE_SIGN_STYLE = Automatic;
				COMBINE_HIDPI_IMAGES = YES;
				DEVELOPMENT_TEAM = 7QPSN8NHYY;
				INFOPLIST_FILE = MouseControllerOSX/Info.plist;
				LD_RUNPATH_SEARCH_PATHS = "$(inherited) @executable_path/../Frameworks";
				PRODUCT_BUNDLE_IDENTIFIER = com.guyu.MouseControllerOSX;
				PRODUCT_NAME = "$(TARGET_NAME)";
				SWIFT_VERSION = 4.0;
			};
			name = Debug;
		};
		032FE63020AE146B003F27E0 /* Release */ = {
			isa = XCBuildConfiguration;
			buildSettings = {
				ASSETCATALOG_COMPILER_APPICON_NAME = AppIcon;
				CODE_SIGN_STYLE = Automatic;
				COMBINE_HIDPI_IMAGES = YES;
				DEVELOPMENT_TEAM = 7QPSN8NHYY;
				INFOPLIST_FILE = MouseControllerOSX/Info.plist;
				LD_RUNPATH_SEARCH_PATHS = "$(inherited) @executable_path/../Frameworks";
				PRODUCT_BUNDLE_IDENTIFIER = com.guyu.MouseControllerOSX;
				PRODUCT_NAME = "$(TARGET_NAME)";
				SWIFT_VERSION = 4.0;
			};
			name = Release;
		};
/* End XCBuildConfiguration section */

/* Begin XCConfigurationList section */
		032FE61920AE146B003F27E0 /* Build configuration list for PBXProject "MouseControllerOSX" */ = {
			isa = XCConfigurationList;
			buildConfigurations = (
				032FE62C20AE146B003F27E0 /* Debug */,
				032FE62D20AE146B003F27E0 /* Release */,
			);
			defaultConfigurationIsVisible = 0;
			defaultConfigurationName = Release;
		};
		032FE62E20AE146B003F27E0 /* Build configuration list for PBXNativeTarget "MouseControllerOSX" */ = {
			isa = XCConfigurationList;
			buildConfigurations = (
				032FE62F20AE146B003F27E0 /* Debug */,
				032FE63020AE146B003F27E0 /* Release */,
			);
			defaultConfigurationIsVisible = 0;
			defaultConfigurationName = Release;
		};
/* End XCConfigurationList section */
	};
	rootObject = 032FE61620AE146B003F27E0 /* Project object */;
}
